// !$*UTF8*$!
{
	archiveVersion = 1;
	classes = {
	};
	objectVersion = 46;
	objects = {

/* Begin PBXBuildFile section */
		44EB6FCA1E273A4900CFA3FC /* main.m in Sources */ = {isa = PBXBuildFile; fileRef = 44EB6FC91E273A4900CFA3FC /* main.m */; };
		44EB6FCD1E273A4900CFA3FC /* AppDelegate.m in Sources */ = {isa = PBXBuildFile; fileRef = 44EB6FCC1E273A4900CFA3FC /* AppDelegate.m */; };
		44EB6FD51E273A4900CFA3FC /* Assets.xcassets in Resources */ = {isa = PBXBuildFile; fileRef = 44EB6FD41E273A4900CFA3FC /* Assets.xcassets */; };
		44EB6FD81E273A4900CFA3FC /* LaunchScreen.storyboard in Resources */ = {isa = PBXBuildFile; fileRef = 44EB6FD61E273A4900CFA3FC /* LaunchScreen.storyboard */; };
		803D00041F2F1C810011DF7B /* TableViewController.m in Sources */ = {isa = PBXBuildFile; fileRef = 803DFFFF1F2F1C810011DF7B /* TableViewController.m */; };
		803D00051F2F1C810011DF7B /* LCDeleteTableViewCell.m in Sources */ = {isa = PBXBuildFile; fileRef = 803D00011F2F1C810011DF7B /* LCDeleteTableViewCell.m */; };
		803D00061F2F1C810011DF7B /* LCSourcesModel.m in Sources */ = {isa = PBXBuildFile; fileRef = 803D00031F2F1C810011DF7B /* LCSourcesModel.m */; };
		803D00081F2F1E580011DF7B /* 左划多个按钮.gif in Resources */ = {isa = PBXBuildFile; fileRef = 803D00071F2F1E580011DF7B /* 左划多个按钮.gif */; };
/* End PBXBuildFile section */

/* Begin PBXFileReference section */
		44EB6FC51E273A4900CFA3FC /* LCTableViewCell.app */ = {isa = PBXFileReference; explicitFileType = wrapper.application; includeInIndex = 0; path = LCTableViewCell.app; sourceTree = BUILT_PRODUCTS_DIR; };
		44EB6FC91E273A4900CFA3FC /* main.m */ = {isa = PBXFileReference; lastKnownFileType = sourcecode.c.objc; path = main.m; sourceTree = "<group>"; };
		44EB6FCB1E273A4900CFA3FC /* AppDelegate.h */ = {isa = PBXFileReference; lastKnownFileType = sourcecode.c.h; path = AppDelegate.h; sourceTree = "<group>"; };
		44EB6FCC1E273A4900CFA3FC /* AppDelegate.m */ = {isa = PBXFileReference; lastKnownFileType = sourcecode.c.objc; path = AppDelegate.m; sourceTree = "<group>"; };
		44EB6FD41E273A4900CFA3FC /* Assets.xcassets */ = {isa = PBXFileReference; lastKnownFileType = folder.assetcatalog; path = Assets.xcassets; sourceTree = "<group>"; };
		44EB6FD71E273A4900CFA3FC /* Base */ = {isa = PBXFileReference; lastKnownFileType = file.storyboard; name = Base; path = Base.lproj/LaunchScreen.storyboard; sourceTree = "<group>"; };
		44EB6FD91E273A4900CFA3FC /* Info.plist */ = {isa = PBXFileReference; lastKnownFileType = text.plist.xml; path = Info.plist; sourceTree = "<group>"; };
		803D00001F2F1C810011DF7B /* LCDeleteTableViewCell.h */ = {isa = PBXFileReference; fileEncoding = 4; lastKnownFileType = sourcecode.c.h; path = LCDeleteTableViewCell.h; sourceTree = "<group>"; };
		803D00011F2F1C810011DF7B /* LCDeleteTableViewCell.m */ = {isa = PBXFileReference; fileEncoding = 4; lastKnownFileType = sourcecode.c.objc; path = LCDeleteTableViewCell.m; sourceTree = "<group>"; };
		803D00021F2F1C810011DF7B /* LCSourcesModel.h */ = {isa = PBXFileReference; fileEncoding = 4; lastKnownFileType = sourcecode.c.h; path = LCSourcesModel.h; sourceTree = "<group>"; };
		803D00031F2F1C810011DF7B /* LCSourcesModel.m */ = {isa = PBXFileReference; fileEncoding = 4; lastKnownFileType = sourcecode.c.objc; path = LCSourcesModel.m; sourceTree = "<group>"; };
		803D00071F2F1E580011DF7B /* 左划多个按钮.gif */ = {isa = PBXFileReference; lastKnownFileType = image.gif; path = "左划多个按钮.gif"; sourceTree = "<group>"; };
		803DFFFE1F2F1C810011DF7B /* TableViewController.h */ = {isa = PBXFileReference; fileEncoding = 4; lastKnownFileType = sourcecode.c.h; path = TableViewController.h; sourceTree = "<group>"; };
		803DFFFF1F2F1C810011DF7B /* TableViewController.m */ = {isa = PBXFileReference; fileEncoding = 4; lastKnownFileType = sourcecode.c.objc; path = TableViewController.m; sourceTree = "<group>"; };
/* End PBXFileReference section */

/* Begin PBXFrameworksBuildPhase section */
		44EB6FC21E273A4900CFA3FC /* Frameworks */ = {
			isa = PBXFrameworksBuildPhase;
			buildActionMask = 2147483647;
			files = (
			);
			runOnlyForDeploymentPostprocessing = 0;
		};
/* End PBXFrameworksBuildPhase section */

/* Begin PBXGroup section */
		44EB6FBC1E273A4900CFA3FC = {
			isa = PBXGroup;
			children = (
				44EB6FC71E273A4900CFA3FC /* LCTableViewCell */,
				44EB6FC61E273A4900CFA3FC /* Products */,
			);
			sourceTree = "<group>";
		};
		44EB6FC61E273A4900CFA3FC /* Products */ = {
			isa = PBXGroup;
			children = (
				44EB6FC51E273A4900CFA3FC /* LCTableViewCell.app */,
			);
			name = Products;
			sourceTree = "<group>";
		};
		44EB6FC71E273A4900CFA3FC /* LCTableViewCell */ = {
			isa = PBXGroup;
			children = (
				44EB6FCB1E273A4900CFA3FC /* AppDelegate.h */,
				44EB6FCC1E273A4900CFA3FC /* AppDelegate.m */,
				803DFFFE1F2F1C810011DF7B /* TableViewController.h */,
				803DFFFF1F2F1C810011DF7B /* TableViewController.m */,
				803D00001F2F1C810011DF7B /* LCDeleteTableViewCell.h */,
				803D00011F2F1C810011DF7B /* LCDeleteTableViewCell.m */,
				803D00021F2F1C810011DF7B /* LCSourcesModel.h */,
				803D00031F2F1C810011DF7B /* LCSourcesModel.m */,
				44EB6FD41E273A4900CFA3FC /* Assets.xcassets */,
				803D00071F2F1E580011DF7B /* 左划多个按钮.gif */,
				44EB6FD61E273A4900CFA3FC /* LaunchScreen.storyboard */,
				44EB6FD91E273A4900CFA3FC /* Info.plist */,
				44EB6FC81E273A4900CFA3FC /* Supporting Files */,
			);
			path = LCTableViewCell;
			sourceTree = "<group>";
		};
		44EB6FC81E273A4900CFA3FC /* Supporting Files */ = {
			isa = PBXGroup;
			children = (
				44EB6FC91E273A4900CFA3FC /* main.m */,
			);
			name = "Supporting Files";
			sourceTree = "<group>";
		};
/* End PBXGroup section */

/* Begin PBXNativeTarget section */
		44EB6FC41E273A4900CFA3FC /* LCTableViewCell */ = {
			isa = PBXNativeTarget;
			buildConfigurationList = 44EB6FDC1E273A4900CFA3FC /* Build configuration list for PBXNativeTarget "LCTableViewCell" */;
			buildPhases = (
				44EB6FC11E273A4900CFA3FC /* Sources */,
				44EB6FC21E273A4900CFA3FC /* Frameworks */,
				44EB6FC31E273A4900CFA3FC /* Resources */,
			);
			buildRules = (
			);
			dependencies = (
			);
			name = LCTableViewCell;
			productName = LCTableViewCell;
			productReference = 44EB6FC51E273A4900CFA3FC /* LCTableViewCell.app */;
			productType = "com.apple.product-type.application";
		};
/* End PBXNativeTarget section */

/* Begin PBXProject section */
		44EB6FBD1E273A4900CFA3FC /* Project object */ = {
			isa = PBXProject;
			attributes = {
				LastUpgradeCheck = 0810;
				ORGANIZATIONNAME = luochuan;
				TargetAttributes = {
					44EB6FC41E273A4900CFA3FC = {
						CreatedOnToolsVersion = 8.1;
						DevelopmentTeam = 8JG65G992A;
						ProvisioningStyle = Automatic;
					};
				};
			};
			buildConfigurationList = 44EB6FC01E273A4900CFA3FC /* Build configuration list for PBXProject "LCTableViewCell" */;
			compatibilityVersion = "Xcode 3.2";
			developmentRegion = English;
			hasScannedForEncodings = 0;
			knownRegions = (
				en,
				Base,
			);
			mainGroup = 44EB6FBC1E273A4900CFA3FC;
			productRefGroup = 44EB6FC61E273A4900CFA3FC /* Products */;
			projectDirPath = "";
			projectRoot = "";
			targets = (
				44EB6FC41E273A4900CFA3FC /* LCTableViewCell */,
			);
		};
/* End PBXProject section */

/* Begin PBXResourcesBuildPhase section */
		44EB6FC31E273A4900CFA3FC /* Resources */ = {
			isa = PBXResourcesBuildPhase;
			buildActionMask = 2147483647;
			files = (
				44EB6FD81E273A4900CFA3FC /* LaunchScreen.storyboard in Resources */,
				803D00081F2F1E580011DF7B /* 左划多个按钮.gif in Resources */,
				44EB6FD51E273A4900CFA3FC /* Assets.xcassets in Resources */,
			);
			runOnlyForDeploymentPostprocessing = 0;
		};
/* End PBXResourcesBuildPhase section */

/* Begin PBXSourcesBuildPhase section */
		44EB6FC11E273A4900CFA3FC /* Sources */ = {
			isa = PBXSourcesBuildPhase;
			buildActionMask = 2147483647;
			files = (
				44EB6FCD1E273A4900CFA3FC /* AppDelegate.m in Sources */,
				803D00061F2F1C810011DF7B /* LCSourcesModel.m in Sources */,
				803D00041F2F1C810011DF7B /* TableViewController.m in Sources */,
				44EB6FCA1E273A4900CFA3FC /* main.m in Sources */,
				803D00051F2F1C810011DF7B /* LCDeleteTableViewCell.m in Sources */,
			);
			runOnlyForDeploymentPostprocessing = 0;
		};
/* End PBXSourcesBuildPhase section */

/* Begin PBXVariantGroup section */
		44EB6FD61E273A4900CFA3FC /* LaunchScreen.storyboard */ = {
			isa = PBXVariantGroup;
			children = (
				44EB6FD71E273A4900CFA3FC /* Base */,
			);
			name = LaunchScreen.storyboard;
			sourceTree = "<group>";
		};
/* End PBXVariantGroup section */

/* Begin XCBuildConfiguration section */
		44EB6FDA1E273A4900CFA3FC /* Debug */ = {
			isa = XCBuildConfiguration;
			buildSettings = {
				ALWAYS_SEARCH_USER_PATHS = NO;
				CLANG_ANALYZER_NONNULL = YES;
				CLANG_CXX_LANGUAGE_STANDARD = "gnu++0x";
				CLANG_CXX_LIBRARY = "libc++";
				CLANG_ENABLE_MODULES = YES;
				CLANG_ENABLE_OBJC_ARC = YES;
				CLANG_WARN_BOOL_CONVERSION = YES;
				CLANG_WARN_CONSTANT_CONVERSION = YES;
				CLANG_WARN_DIRECT_OBJC_ISA_USAGE = YES_ERROR;
				CLANG_WARN_DOCUMENTATION_COMMENTS = YES;
				CLANG_WARN_EMPTY_BODY = YES;
				CLANG_WARN_ENUM_CONVERSION = YES;
				CLANG_WARN_INFINITE_RECURSION = YES;
				CLANG_WARN_INT_CONVERSION = YES;
				CLANG_WARN_OBJC_ROOT_CLASS = YES_ERROR;
				CLANG_WARN_SUSPICIOUS_MOVES = YES;
				CLANG_WARN_UNREACHABLE_CODE = YES;
				CLANG_WARN__DUPLICATE_METHOD_MATCH = YES;
				"CODE_SIGN_IDENTITY[sdk=iphoneos*]" = "iPhone Developer";
				COPY_PHASE_STRIP = NO;
				DEBUG_INFORMATION_FORMAT = dwarf;
				ENABLE_STRICT_OBJC_MSGSEND = YES;
				ENABLE_TESTABILITY = YES;
				GCC_C_LANGUAGE_STANDARD = gnu99;
				GCC_DYNAMIC_NO_PIC = NO;
				GCC_NO_COMMON_BLOCKS = YES;
				GCC_OPTIMIZATION_LEVEL = 0;
				GCC_PREPROCESSOR_DEFINITIONS = (
					"DEBUG=1",
					"$(inherited)",
				);
				GCC_WARN_64_TO_32_BIT_CONVERSION = YES;
				GCC_WARN_ABOUT_RETURN_TYPE = YES_ERROR;
				GCC_WARN_UNDECLARED_SELECTOR = YES;
				GCC_WARN_UNINITIALIZED_AUTOS = YES_AGGRESSIVE;
				GCC_WARN_UNUSED_FUNCTION = YES;
				GCC_WARN_UNUSED_VARIABLE = YES;
				IPHONEOS_DEPLOYMENT_TARGET = 7.0;
				MTL_ENABLE_DEBUG_INFO = YES;
				ONLY_ACTIVE_ARCH = YES;
				SDKROOT = iphoneos;
				TARGETED_DEVICE_FAMILY = "1,2";
			};
			name = Debug;
		};
		44EB6FDB1E273A4900CFA3FC /* Release */ = {
			isa = XCBuildConfiguration;
			buildSettings = {
				ALWAYS_SEARCH_USER_PATHS = NO;
				CLANG_ANALYZER_NONNULL = YES;
				CLANG_CXX_LANGUAGE_STANDARD = "gnu++0x";
				CLANG_CXX_LIBRARY = "libc++";
				CLANG_ENABLE_MODULES = YES;
				CLANG_ENABLE_OBJC_ARC = YES;
				CLANG_WARN_BOOL_CONVERSION = YES;
				CLANG_WARN_CONSTANT_CONVERSION = YES;
				CLANG_WARN_DIRECT_OBJC_ISA_USAGE = YES_ERROR;
				CLANG_WARN_DOCUMENTATION_COMMENTS = YES;
				CLANG_WARN_EMPTY_BODY = YES;
				CLANG_WARN_ENUM_CONVERSION = YES;
				CLANG_WARN_INFINITE_RECURSION = YES;
				CLANG_WARN_INT_CONVERSION = YES;
				CLANG_WARN_OBJC_ROOT_CLASS = YES_ERROR;
				CLANG_WARN_SUSPICIOUS_MOVES = YES;
				CLANG_WARN_UNREACHABLE_CODE = YES;
				CLANG_WARN__DUPLICATE_METHOD_MATCH = YES;
				"CODE_SIGN_IDENTITY[sdk=iphoneos*]" = "iPhone Developer";
				COPY_PHASE_STRIP = NO;
				DEBUG_INFORMATION_FORMAT = "dwarf-with-dsym";
				ENABLE_NS_ASSERTIONS = NO;
				ENABLE_STRICT_OBJC_MSGSEND = YES;
				GCC_C_LANGUAGE_STANDARD = gnu99;
				GCC_NO_COMMON_BLOCKS = YES;
				GCC_WARN_64_TO_32_BIT_CONVERSION = YES;
				GCC_WARN_ABOUT_RETURN_TYPE = YES_ERROR;
				GCC_WARN_UNDECLARED_SELECTOR = YES;
				GCC_WARN_UNINITIALIZED_AUTOS = YES_AGGRESSIVE;
				GCC_WARN_UNUSED_FUNCTION = YES;
				GCC_WARN_UNUSED_VARIABLE = YES;
				IPHONEOS_DEPLOYMENT_TARGET = 7.0;
				MTL_ENABLE_DEBUG_INFO = NO;
				SDKROOT = iphoneos;
				TARGETED_DEVICE_FAMILY = "1,2";
				VALIDATE_PRODUCT = YES;
			};
			name = Release;
		};
		44EB6FDD1E273A4900CFA3FC /* Debug */ = {
			isa = XCBuildConfiguration;
			buildSettings = {
				DEVELOPMENT_TEAM = 8JG65G992A;
				INFOPLIST_FILE = LCTableViewCell/Info.plist;
				IPHONEOS_DEPLOYMENT_TARGET = 7.0;
				LD_RUNPATH_SEARCH_PATHS = "$(inherited) @executable_path/Frameworks";
				PRODUCT_BUNDLE_IDENTIFIER = come.luochuanAD.LCTableViewCell;
				PRODUCT_NAME = "$(TARGET_NAME)";
			};
			name = Debug;
		};
		44EB6FDE1E273A4900CFA3FC /* Release */ = {
			isa = XCBuildConfiguration;
			buildSettings = {
				DEVELOPMENT_TEAM = 8JG65G992A;
				INFOPLIST_FILE = LCTableViewCell/Info.plist;
				IPHONEOS_DEPLOYMENT_TARGET = 7.0;
				LD_RUNPATH_SEARCH_PATHS = "$(inherited) @executable_path/Frameworks";
				PRODUCT_BUNDLE_IDENTIFIER = come.luochuanAD.LCTableViewCell;
				PRODUCT_NAME = "$(TARGET_NAME)";
			};
			name = Release;
		};
/* End XCBuildConfiguration section */

/* Begin XCConfigurationList section */
		44EB6FC01E273A4900CFA3FC /* Build configuration list for PBXProject "LCTableViewCell" */ = {
			isa = XCConfigurationList;
			buildConfigurations = (
				44EB6FDA1E273A4900CFA3FC /* Debug */,
				44EB6FDB1E273A4900CFA3FC /* Release */,
			);
			defaultConfigurationIsVisible = 0;
			defaultConfigurationName = Release;
		};
		44EB6FDC1E273A4900CFA3FC /* Build configuration list for PBXNativeTarget "LCTableViewCell" */ = {
			isa = XCConfigurationList;
			buildConfigurations = (
				44EB6FDD1E273A4900CFA3FC /* Debug */,
				44EB6FDE1E273A4900CFA3FC /* Release */,
			);
			defaultConfigurationIsVisible = 0;
			defaultConfigurationName = Release;
		};
/* End XCConfigurationList section */
	};
	rootObject = 44EB6FBD1E273A4900CFA3FC /* Project object */;
}
